// !$*UTF8*$!
{
	archiveVersion = 1;
	classes = {
	};
	objectVersion = 50;
	objects = {

/* Begin PBXBuildFile section */
		300A9C4021D4A5ED00EC3962 /* Colors.swift in Sources */ = {isa = PBXBuildFile; fileRef = 300A9C3F21D4A5ED00EC3962 /* Colors.swift */; };
		300A9C4221D570EC00EC3962 /* Treewidth.swift in Sources */ = {isa = PBXBuildFile; fileRef = 300A9C4121D570EB00EC3962 /* Treewidth.swift */; };
		300A9C4421D5CFCC00EC3962 /* CSets.swift in Sources */ = {isa = PBXBuildFile; fileRef = 300A9C4321D5CFCC00EC3962 /* CSets.swift */; };
		3089318C21AA457D005033B6 /* BinaryTree.swift in Sources */ = {isa = PBXBuildFile; fileRef = 3089318B21AA457D005033B6 /* BinaryTree.swift */; };
		3089318E21AA589F005033B6 /* Stack.swift in Sources */ = {isa = PBXBuildFile; fileRef = 3089318D21AA589F005033B6 /* Stack.swift */; };
		3089319021AA59FB005033B6 /* Queue.swift in Sources */ = {isa = PBXBuildFile; fileRef = 3089318F21AA59FB005033B6 /* Queue.swift */; };
		308C505E21DC16AE00CB4890 /* RectangleArea.swift in Sources */ = {isa = PBXBuildFile; fileRef = 308C505D21DC16AE00CB4890 /* RectangleArea.swift */; };
		308C506021DC1E9300CB4890 /* ArraySearchTwoD.swift in Sources */ = {isa = PBXBuildFile; fileRef = 308C505F21DC1E9300CB4890 /* ArraySearchTwoD.swift */; };
		308C506221DC217700CB4890 /* SummaryRanges.swift in Sources */ = {isa = PBXBuildFile; fileRef = 308C506121DC217700CB4890 /* SummaryRanges.swift */; };
		30A0C65321AA127200D9AFE4 /* main.swift in Sources */ = {isa = PBXBuildFile; fileRef = 30A0C65221AA127200D9AFE4 /* main.swift */; };
		30A0C65A21AA12DA00D9AFE4 /* LinkedList.swift in Sources */ = {isa = PBXBuildFile; fileRef = 30A0C65921AA12DA00D9AFE4 /* LinkedList.swift */; };
		30D26A3421DAE3BC001BBBDE /* ParitionList.swift in Sources */ = {isa = PBXBuildFile; fileRef = 30D26A3321DAE3BC001BBBDE /* ParitionList.swift */; };
/* End PBXBuildFile section */

/* Begin PBXCopyFilesBuildPhase section */
		30A0C64D21AA127200D9AFE4 /* CopyFiles */ = {
			isa = PBXCopyFilesBuildPhase;
			buildActionMask = 2147483647;
			dstPath = /usr/share/man/man1/;
			dstSubfolderSpec = 0;
			files = (
			);
			runOnlyForDeploymentPostprocessing = 1;
		};
/* End PBXCopyFilesBuildPhase section */

/* Begin PBXFileReference section */
		300A9C3F21D4A5ED00EC3962 /* Colors.swift */ = {isa = PBXFileReference; lastKnownFileType = sourcecode.swift; path = Colors.swift; sourceTree = "<group>"; };
		300A9C4121D570EB00EC3962 /* Treewidth.swift */ = {isa = PBXFileReference; lastKnownFileType = sourcecode.swift; path = Treewidth.swift; sourceTree = "<group>"; };
		300A9C4321D5CFCC00EC3962 /* CSets.swift */ = {isa = PBXFileReference; lastKnownFileType = sourcecode.swift; path = CSets.swift; sourceTree = "<group>"; };
		3089318B21AA457D005033B6 /* BinaryTree.swift */ = {isa = PBXFileReference; lastKnownFileType = sourcecode.swift; path = BinaryTree.swift; sourceTree = "<group>"; };
		3089318D21AA589F005033B6 /* Stack.swift */ = {isa = PBXFileReference; lastKnownFileType = sourcecode.swift; path = Stack.swift; sourceTree = "<group>"; };
		3089318F21AA59FB005033B6 /* Queue.swift */ = {isa = PBXFileReference; lastKnownFileType = sourcecode.swift; path = Queue.swift; sourceTree = "<group>"; };
		308C505D21DC16AE00CB4890 /* RectangleArea.swift */ = {isa = PBXFileReference; lastKnownFileType = sourcecode.swift; path = RectangleArea.swift; sourceTree = "<group>"; };
		308C505F21DC1E9300CB4890 /* ArraySearchTwoD.swift */ = {isa = PBXFileReference; lastKnownFileType = sourcecode.swift; path = ArraySearchTwoD.swift; sourceTree = "<group>"; };
		308C506121DC217700CB4890 /* SummaryRanges.swift */ = {isa = PBXFileReference; lastKnownFileType = sourcecode.swift; path = SummaryRanges.swift; sourceTree = "<group>"; };
		30A0C64F21AA127200D9AFE4 /* Algorithms-Swift */ = {isa = PBXFileReference; explicitFileType = "compiled.mach-o.executable"; includeInIndex = 0; path = "Algorithms-Swift"; sourceTree = BUILT_PRODUCTS_DIR; };
		30A0C65221AA127200D9AFE4 /* main.swift */ = {isa = PBXFileReference; lastKnownFileType = sourcecode.swift; path = main.swift; sourceTree = "<group>"; };
		30A0C65921AA12DA00D9AFE4 /* LinkedList.swift */ = {isa = PBXFileReference; lastKnownFileType = sourcecode.swift; path = LinkedList.swift; sourceTree = "<group>"; };
		30D26A3321DAE3BC001BBBDE /* ParitionList.swift */ = {isa = PBXFileReference; lastKnownFileType = sourcecode.swift; path = ParitionList.swift; sourceTree = "<group>"; };
/* End PBXFileReference section */

/* Begin PBXFrameworksBuildPhase section */
		30A0C64C21AA127200D9AFE4 /* Frameworks */ = {
			isa = PBXFrameworksBuildPhase;
			buildActionMask = 2147483647;
			files = (
			);
			runOnlyForDeploymentPostprocessing = 0;
		};
/* End PBXFrameworksBuildPhase section */

/* Begin PBXGroup section */
		30A0C64621AA127200D9AFE4 = {
			isa = PBXGroup;
			children = (
				30A0C65121AA127200D9AFE4 /* Algorithms-Swift */,
				30A0C65021AA127200D9AFE4 /* Products */,
			);
			sourceTree = "<group>";
		};
		30A0C65021AA127200D9AFE4 /* Products */ = {
			isa = PBXGroup;
			children = (
				30A0C64F21AA127200D9AFE4 /* Algorithms-Swift */,
			);
			name = Products;
			sourceTree = "<group>";
		};
		30A0C65121AA127200D9AFE4 /* Algorithms-Swift */ = {
			isa = PBXGroup;
			children = (
				30A0C65221AA127200D9AFE4 /* main.swift */,
				300A9C4321D5CFCC00EC3962 /* CSets.swift */,
				3089318D21AA589F005033B6 /* Stack.swift */,
				3089318F21AA59FB005033B6 /* Queue.swift */,
				30D26A3321DAE3BC001BBBDE /* ParitionList.swift */,
				308C505D21DC16AE00CB4890 /* RectangleArea.swift */,
				308C505F21DC1E9300CB4890 /* ArraySearchTwoD.swift */,
				308C506121DC217700CB4890 /* SummaryRanges.swift */,
				300A9C3F21D4A5ED00EC3962 /* Colors.swift */,
				300A9C4121D570EB00EC3962 /* Treewidth.swift */,
				30A0C65921AA12DA00D9AFE4 /* LinkedList.swift */,
				3089318B21AA457D005033B6 /* BinaryTree.swift */,
			);
			path = "Algorithms-Swift";
			sourceTree = "<group>";
		};
/* End PBXGroup section */

/* Begin PBXNativeTarget section */
		30A0C64E21AA127200D9AFE4 /* Algorithms-Swift */ = {
			isa = PBXNativeTarget;
			buildConfigurationList = 30A0C65621AA127200D9AFE4 /* Build configuration list for PBXNativeTarget "Algorithms-Swift" */;
			buildPhases = (
				30A0C64B21AA127200D9AFE4 /* Sources */,
				30A0C64C21AA127200D9AFE4 /* Frameworks */,
				30A0C64D21AA127200D9AFE4 /* CopyFiles */,
			);
			buildRules = (
			);
			dependencies = (
			);
			name = "Algorithms-Swift";
			productName = "Algorithms-Swift";
			productReference = 30A0C64F21AA127200D9AFE4 /* Algorithms-Swift */;
			productType = "com.apple.product-type.tool";
		};
/* End PBXNativeTarget section */

/* Begin PBXProject section */
		30A0C64721AA127200D9AFE4 /* Project object */ = {
			isa = PBXProject;
			attributes = {
				LastSwiftUpdateCheck = 1010;
				LastUpgradeCheck = 1010;
				ORGANIZATIONNAME = "Sandeep Joshi";
				TargetAttributes = {
					30A0C64E21AA127200D9AFE4 = {
						CreatedOnToolsVersion = 10.1;
					};
				};
			};
			buildConfigurationList = 30A0C64A21AA127200D9AFE4 /* Build configuration list for PBXProject "Algorithms-Swift" */;
			compatibilityVersion = "Xcode 9.3";
			developmentRegion = en;
			hasScannedForEncodings = 0;
			knownRegions = (
				en,
			);
			mainGroup = 30A0C64621AA127200D9AFE4;
			productRefGroup = 30A0C65021AA127200D9AFE4 /* Products */;
			projectDirPath = "";
			projectRoot = "";
			targets = (
				30A0C64E21AA127200D9AFE4 /* Algorithms-Swift */,
			);
		};
/* End PBXProject section */

/* Begin PBXSourcesBuildPhase section */
		30A0C64B21AA127200D9AFE4 /* Sources */ = {
			isa = PBXSourcesBuildPhase;
			buildActionMask = 2147483647;
			files = (
				308C506221DC217700CB4890 /* SummaryRanges.swift in Sources */,
				300A9C4421D5CFCC00EC3962 /* CSets.swift in Sources */,
				3089319021AA59FB005033B6 /* Queue.swift in Sources */,
				300A9C4021D4A5ED00EC3962 /* Colors.swift in Sources */,
				308C506021DC1E9300CB4890 /* ArraySearchTwoD.swift in Sources */,
				3089318E21AA589F005033B6 /* Stack.swift in Sources */,
				30A0C65A21AA12DA00D9AFE4 /* LinkedList.swift in Sources */,
				300A9C4221D570EC00EC3962 /* Treewidth.swift in Sources */,
				30A0C65321AA127200D9AFE4 /* main.swift in Sources */,
				30D26A3421DAE3BC001BBBDE /* ParitionList.swift in Sources */,
				308C505E21DC16AE00CB4890 /* RectangleArea.swift in Sources */,
				3089318C21AA457D005033B6 /* BinaryTree.swift in Sources */,
			);
			runOnlyForDeploymentPostprocessing = 0;
		};
/* End PBXSourcesBuildPhase section */

/* Begin XCBuildConfiguration section */
		30A0C65421AA127200D9AFE4 /* Debug */ = {
			isa = XCBuildConfiguration;
			buildSettings = {
				ALWAYS_SEARCH_USER_PATHS = NO;
				CLANG_ANALYZER_NONNULL = YES;
				CLANG_ANALYZER_NUMBER_OBJECT_CONVERSION = YES_AGGRESSIVE;
				CLANG_CXX_LANGUAGE_STANDARD = "gnu++14";
				CLANG_CXX_LIBRARY = "libc++";
				CLANG_ENABLE_MODULES = YES;
				CLANG_ENABLE_OBJC_ARC = YES;
				CLANG_ENABLE_OBJC_WEAK = YES;
				CLANG_WARN_BLOCK_CAPTURE_AUTORELEASING = YES;
				CLANG_WARN_BOOL_CONVERSION = YES;
				CLANG_WARN_COMMA = YES;
				CLANG_WARN_CONSTANT_CONVERSION = YES;
				CLANG_WARN_DEPRECATED_OBJC_IMPLEMENTATIONS = YES;
				CLANG_WARN_DIRECT_OBJC_ISA_USAGE = YES_ERROR;
				CLANG_WARN_DOCUMENTATION_COMMENTS = YES;
				CLANG_WARN_EMPTY_BODY = YES;
				CLANG_WARN_ENUM_CONVERSION = YES;
				CLANG_WARN_INFINITE_RECURSION = YES;
				CLANG_WARN_INT_CONVERSION = YES;
				CLANG_WARN_NON_LITERAL_NULL_CONVERSION = YES;
				CLANG_WARN_OBJC_IMPLICIT_RETAIN_SELF = YES;
				CLANG_WARN_OBJC_LITERAL_CONVERSION = YES;
				CLANG_WARN_OBJC_ROOT_CLASS = YES_ERROR;
				CLANG_WARN_RANGE_LOOP_ANALYSIS = YES;
				CLANG_WARN_STRICT_PROTOTYPES = YES;
				CLANG_WARN_SUSPICIOUS_MOVE = YES;
				CLANG_WARN_UNGUARDED_AVAILABILITY = YES_AGGRESSIVE;
				CLANG_WARN_UNREACHABLE_CODE = YES;
				CLANG_WARN__DUPLICATE_METHOD_MATCH = YES;
				CODE_SIGN_IDENTITY = "Mac Developer";
				COPY_PHASE_STRIP = NO;
				DEBUG_INFORMATION_FORMAT = dwarf;
				ENABLE_STRICT_OBJC_MSGSEND = YES;
				ENABLE_TESTABILITY = YES;
				GCC_C_LANGUAGE_STANDARD = gnu11;
				GCC_DYNAMIC_NO_PIC = NO;
				GCC_NO_COMMON_BLOCKS = YES;
				GCC_OPTIMIZATION_LEVEL = 0;
				GCC_PREPROCESSOR_DEFINITIONS = (
					"DEBUG=1",
					"$(inherited)",
				);
				GCC_WARN_64_TO_32_BIT_CONVERSION = YES;
				GCC_WARN_ABOUT_RETURN_TYPE = YES_ERROR;
				GCC_WARN_UNDECLARED_SELECTOR = YES;
				GCC_WARN_UNINITIALIZED_AUTOS = YES_AGGRESSIVE;
				GCC_WARN_UNUSED_FUNCTION = YES;
				GCC_WARN_UNUSED_VARIABLE = YES;
				MACOSX_DEPLOYMENT_TARGET = 10.14;
				MTL_ENABLE_DEBUG_INFO = INCLUDE_SOURCE;
				MTL_FAST_MATH = YES;
				ONLY_ACTIVE_ARCH = YES;
				SDKROOT = macosx;
				SWIFT_ACTIVE_COMPILATION_CONDITIONS = DEBUG;
				SWIFT_OPTIMIZATION_LEVEL = "-Onone";
			};
			name = Debug;
		};
		30A0C65521AA127200D9AFE4 /* Release */ = {
			isa = XCBuildConfiguration;
			buildSettings = {
				ALWAYS_SEARCH_USER_PATHS = NO;
				CLANG_ANALYZER_NONNULL = YES;
				CLANG_ANALYZER_NUMBER_OBJECT_CONVERSION = YES_AGGRESSIVE;
				CLANG_CXX_LANGUAGE_STANDARD = "gnu++14";
				CLANG_CXX_LIBRARY = "libc++";
				CLANG_ENABLE_MODULES = YES;
				CLANG_ENABLE_OBJC_ARC = YES;
				CLANG_ENABLE_OBJC_WEAK = YES;
				CLANG_WARN_BLOCK_CAPTURE_AUTORELEASING = YES;
				CLANG_WARN_BOOL_CONVERSION = YES;
				CLANG_WARN_COMMA = YES;
				CLANG_WARN_CONSTANT_CONVERSION = YES;
				CLANG_WARN_DEPRECATED_OBJC_IMPLEMENTATIONS = YES;
				CLANG_WARN_DIRECT_OBJC_ISA_USAGE = YES_ERROR;
				CLANG_WARN_DOCUMENTATION_COMMENTS = YES;
				CLANG_WARN_EMPTY_BODY = YES;
				CLANG_WARN_ENUM_CONVERSION = YES;
				CLANG_WARN_INFINITE_RECURSION = YES;
				CLANG_WARN_INT_CONVERSION = YES;
				CLANG_WARN_NON_LITERAL_NULL_CONVERSION = YES;
				CLANG_WARN_OBJC_IMPLICIT_RETAIN_SELF = YES;
				CLANG_WARN_OBJC_LITERAL_CONVERSION = YES;
				CLANG_WARN_OBJC_ROOT_CLASS = YES_ERROR;
				CLANG_WARN_RANGE_LOOP_ANALYSIS = YES;
				CLANG_WARN_STRICT_PROTOTYPES = YES;
				CLANG_WARN_SUSPICIOUS_MOVE = YES;
				CLANG_WARN_UNGUARDED_AVAILABILITY = YES_AGGRESSIVE;
				CLANG_WARN_UNREACHABLE_CODE = YES;
				CLANG_WARN__DUPLICATE_METHOD_MATCH = YES;
				CODE_SIGN_IDENTITY = "Mac Developer";
				COPY_PHASE_STRIP = NO;
				DEBUG_INFORMATION_FORMAT = "dwarf-with-dsym";
				ENABLE_NS_ASSERTIONS = NO;
				ENABLE_STRICT_OBJC_MSGSEND = YES;
				GCC_C_LANGUAGE_STANDARD = gnu11;
				GCC_NO_COMMON_BLOCKS = YES;
				GCC_WARN_64_TO_32_BIT_CONVERSION = YES;
				GCC_WARN_ABOUT_RETURN_TYPE = YES_ERROR;
				GCC_WARN_UNDECLARED_SELECTOR = YES;
				GCC_WARN_UNINITIALIZED_AUTOS = YES_AGGRESSIVE;
				GCC_WARN_UNUSED_FUNCTION = YES;
				GCC_WARN_UNUSED_VARIABLE = YES;
				MACOSX_DEPLOYMENT_TARGET = 10.14;
				MTL_ENABLE_DEBUG_INFO = NO;
				MTL_FAST_MATH = YES;
				SDKROOT = macosx;
				SWIFT_COMPILATION_MODE = wholemodule;
				SWIFT_OPTIMIZATION_LEVEL = "-O";
			};
			name = Release;
		};
		30A0C65721AA127200D9AFE4 /* Debug */ = {
			isa = XCBuildConfiguration;
			buildSettings = {
				CODE_SIGN_STYLE = Automatic;
				DEVELOPMENT_TEAM = 65W3HGQ33P;
				PRODUCT_NAME = "$(TARGET_NAME)";
				SWIFT_VERSION = 4.2;
			};
			name = Debug;
		};
		30A0C65821AA127200D9AFE4 /* Release */ = {
			isa = XCBuildConfiguration;
			buildSettings = {
				CODE_SIGN_STYLE = Automatic;
				DEVELOPMENT_TEAM = 65W3HGQ33P;
				PRODUCT_NAME = "$(TARGET_NAME)";
				SWIFT_VERSION = 4.2;
			};
			name = Release;
		};
/* End XCBuildConfiguration section */

/* Begin XCConfigurationList section */
		30A0C64A21AA127200D9AFE4 /* Build configuration list for PBXProject "Algorithms-Swift" */ = {
			isa = XCConfigurationList;
			buildConfigurations = (
				30A0C65421AA127200D9AFE4 /* Debug */,
				30A0C65521AA127200D9AFE4 /* Release */,
			);
			defaultConfigurationIsVisible = 0;
			defaultConfigurationName = Release;
		};
		30A0C65621AA127200D9AFE4 /* Build configuration list for PBXNativeTarget "Algorithms-Swift" */ = {
			isa = XCConfigurationList;
			buildConfigurations = (
				30A0C65721AA127200D9AFE4 /* Debug */,
				30A0C65821AA127200D9AFE4 /* Release */,
			);
			defaultConfigurationIsVisible = 0;
			defaultConfigurationName = Release;
		};
/* End XCConfigurationList section */
	};
	rootObject = 30A0C64721AA127200D9AFE4 /* Project object */;
}
